
Microsoft Visual Studio Solution File, Format Version 12.00
# Visual Studio Version 16
VisualStudioVersion = 16.0.29613.14
MinimumVisualStudioVersion = 10.0.40219.1
Project("{FAE04EC0-301F-11D3-BF4B-00C04F79EFBC}") = "MovieStore.Domain", "MovieStore.Domain\MovieStore.Domain.csproj", "{81DE8D6C-75A8-42EE-9A76-D0ACEFC602F9}"
EndProject
Project("{FAE04EC0-301F-11D3-BF4B-00C04F79EFBC}") = "MovieStore.UnitTests", "MovieStore.UnitTests\MovieStore.UnitTests.csproj", "{23B38A9E-CB55-4C3C-96BE-610D97DA83E9}"
EndProject
Project("{FAE04EC0-301F-11D3-BF4B-00C04F79EFBC}") = "MovieStore.WebUI", "MoviesStore.WebUI\MovieStore.WebUI.csproj", "{82519B1D-89C0-4E3F-81A6-A195390B8327}"
	ProjectSection(ProjectDependencies) = postProject
		{81DE8D6C-75A8-42EE-9A76-D0ACEFC602F9} = {81DE8D6C-75A8-42EE-9A76-D0ACEFC602F9}
	EndProjectSection
EndProject
Global
	GlobalSection(SolutionConfigurationPlatforms) = preSolution
		Debug|Any CPU = Debug|Any CPU
		Release|Any CPU = Release|Any CPU
	EndGlobalSection
	GlobalSection(ProjectConfigurationPlatforms) = postSolution
		{81DE8D6C-75A8-42EE-9A76-D0ACEFC602F9}.Debug|Any CPU.ActiveCfg = Debug|Any CPU
		{81DE8D6C-75A8-42EE-9A76-D0ACEFC602F9}.Debug|Any CPU.Build.0 = Debug|Any CPU
		{81DE8D6C-75A8-42EE-9A76-D0ACEFC602F9}.Release|Any CPU.ActiveCfg = Release|Any CPU
		{81DE8D6C-75A8-42EE-9A76-D0ACEFC602F9}.Release|Any CPU.Build.0 = Release|Any CPU
		{23B38A9E-CB55-4C3C-96BE-610D97DA83E9}.Debug|Any CPU.ActiveCfg = Debug|Any CPU
		{23B38A9E-CB55-4C3C-96BE-610D97DA83E9}.Debug|Any CPU.Build.0 = Debug|Any CPU
		{23B38A9E-CB55-4C3C-96BE-610D97DA83E9}.Release|Any CPU.ActiveCfg = Release|Any CPU
		{23B38A9E-CB55-4C3C-96BE-610D97DA83E9}.Release|Any CPU.Build.0 = Release|Any CPU
		{82519B1D-89C0-4E3F-81A6-A195390B8327}.Debug|Any CPU.ActiveCfg = Debug|Any CPU
		{82519B1D-89C0-4E3F-81A6-A195390B8327}.Debug|Any CPU.Build.0 = Debug|Any CPU
		{82519B1D-89C0-4E3F-81A6-A195390B8327}.Release|Any CPU.ActiveCfg = Release|Any CPU
		{82519B1D-89C0-4E3F-81A6-A195390B8327}.Release|Any CPU.Build.0 = Release|Any CPU
	EndGlobalSection
	GlobalSection(SolutionProperties) = preSolution
		HideSolutionNode = FALSE
	EndGlobalSection
	GlobalSection(ExtensibilityGlobals) = postSolution
		SolutionGuid = {7BC472C5-A81C-4924-A2B0-9B19071DC9CC}
	EndGlobalSection
EndGlobal
